
Microsoft Visual Studio Solution File, Format Version 12.00
# Visual Studio Version 17
VisualStudioVersion = 17.5.002.0
MinimumVisualStudioVersion = 10.0.40219.1
Project("{9A19103F-16F7-4668-BE54-9A1E7A4F7556}") = "Payments.Domain", "Payments.Domain\Payments.Domain.csproj", "{F134AAE8-D6EF-4B5E-AB04-877043EFD518}"
EndProject
Project("{9A19103F-16F7-4668-BE54-9A1E7A4F7556}") = "Payments.Service", "Payments.Service\Payments.Service.csproj", "{5744A9CD-535C-467A-AB05-B5858675F1BB}"
EndProject
Global
	GlobalSection(SolutionConfigurationPlatforms) = preSolution
		Debug|Any CPU = Debug|Any CPU
		Release|Any CPU = Release|Any CPU
	EndGlobalSection
	GlobalSection(ProjectConfigurationPlatforms) = postSolution
		{F134AAE8-D6EF-4B5E-AB04-877043EFD518}.Debug|Any CPU.ActiveCfg = Debug|Any CPU
		{F134AAE8-D6EF-4B5E-AB04-877043EFD518}.Debug|Any CPU.Build.0 = Debug|Any CPU
		{F134AAE8-D6EF-4B5E-AB04-877043EFD518}.Release|Any CPU.ActiveCfg = Release|Any CPU
		{F134AAE8-D6EF-4B5E-AB04-877043EFD518}.Release|Any CPU.Build.0 = Release|Any CPU
		{5744A9CD-535C-467A-AB05-B5858675F1BB}.Debug|Any CPU.ActiveCfg = Debug|Any CPU
		{5744A9CD-535C-467A-AB05-B5858675F1BB}.Debug|Any CPU.Build.0 = Debug|Any CPU
		{5744A9CD-535C-467A-AB05-B5858675F1BB}.Release|Any CPU.ActiveCfg = Release|Any CPU
		{5744A9CD-535C-467A-AB05-B5858675F1BB}.Release|Any CPU.Build.0 = Release|Any CPU
	EndGlobalSection
	GlobalSection(SolutionProperties) = preSolution
		HideSolutionNode = FALSE
	EndGlobalSection
	GlobalSection(ExtensibilityGlobals) = postSolution
		SolutionGuid = {E288E329-1440-4BA7-A27A-DA396B5073DB}
	EndGlobalSection
EndGlobal
