
Microsoft Visual Studio Solution File, Format Version 12.00
# Visual Studio Version 17
VisualStudioVersion = 17.5.002.0
MinimumVisualStudioVersion = 10.0.40219.1
Project("{9A19103F-16F7-4668-BE54-9A1E7A4F7556}") = "Orders.Domain", "Orders.Domain.csproj", "{1A62C6CC-3B1E-4865-A975-45BD949ADE02}"
EndProject
Global
	GlobalSection(SolutionConfigurationPlatforms) = preSolution
		Debug|Any CPU = Debug|Any CPU
		Release|Any CPU = Release|Any CPU
	EndGlobalSection
	GlobalSection(ProjectConfigurationPlatforms) = postSolution
		{1A62C6CC-3B1E-4865-A975-45BD949ADE02}.Debug|Any CPU.ActiveCfg = Debug|Any CPU
		{1A62C6CC-3B1E-4865-A975-45BD949ADE02}.Debug|Any CPU.Build.0 = Debug|Any CPU
		{1A62C6CC-3B1E-4865-A975-45BD949ADE02}.Release|Any CPU.ActiveCfg = Release|Any CPU
		{1A62C6CC-3B1E-4865-A975-45BD949ADE02}.Release|Any CPU.Build.0 = Release|Any CPU
	EndGlobalSection
	GlobalSection(SolutionProperties) = preSolution
		HideSolutionNode = FALSE
	EndGlobalSection
	GlobalSection(ExtensibilityGlobals) = postSolution
		SolutionGuid = {866AB70E-07B9-4617-B77E-046F9BF4AED4}
	EndGlobalSection
EndGlobal
